
Microsoft Visual Studio Solution File, Format Version 12.00
# Visual Studio Version 16
VisualStudioVersion = 16.0.29613.14
MinimumVisualStudioVersion = 10.0.40219.1
Project("{9A19103F-16F7-4668-BE54-9A1E7A4F7556}") = "MvcMovie", "MvcMovie\MvcMovie.csproj", "{DA7AE7C5-C41B-47DF-B957-D692834B3142}"
EndProject
Global
	GlobalSection(SolutionConfigurationPlatforms) = preSolution
		Debug|Any CPU = Debug|Any CPU
		Release|Any CPU = Release|Any CPU
	EndGlobalSection
	GlobalSection(ProjectConfigurationPlatforms) = postSolution
		{DA7AE7C5-C41B-47DF-B957-D692834B3142}.Debug|Any CPU.ActiveCfg = Debug|Any CPU
		{DA7AE7C5-C41B-47DF-B957-D692834B3142}.Debug|Any CPU.Build.0 = Debug|Any CPU
		{DA7AE7C5-C41B-47DF-B957-D692834B3142}.Release|Any CPU.ActiveCfg = Release|Any CPU
		{DA7AE7C5-C41B-47DF-B957-D692834B3142}.Release|Any CPU.Build.0 = Release|Any CPU
	EndGlobalSection
	GlobalSection(SolutionProperties) = preSolution
		HideSolutionNode = FALSE
	EndGlobalSection
	GlobalSection(ExtensibilityGlobals) = postSolution
		SolutionGuid = {BBFDBDD9-A722-4405-A2D3-FA98F2723E9C}
	EndGlobalSection
EndGlobal
